
Microsoft Visual Studio Solution File, Format Version 12.00
# Visual Studio Version 16
VisualStudioVersion = 16.0.30621.155
MinimumVisualStudioVersion = 10.0.40219.1
Project("{F184B08F-C81C-45F6-A57F-5ABD9991F28F}") = "RenameExportedDWG", "RenameExportedDWG.vbproj", "{B6E36511-223C-42E3-8BDA-82BC2DEC9D62}"
EndProject
Global
	GlobalSection(SolutionConfigurationPlatforms) = preSolution
		Debug|Any CPU = Debug|Any CPU
		Debug|x64 = Debug|x64
		Release|Any CPU = Release|Any CPU
		Release|x64 = Release|x64
	EndGlobalSection
	GlobalSection(ProjectConfigurationPlatforms) = postSolution
		{B6E36511-223C-42E3-8BDA-82BC2DEC9D62}.Debug|Any CPU.ActiveCfg = Debug|Any CPU
		{B6E36511-223C-42E3-8BDA-82BC2DEC9D62}.Debug|Any CPU.Build.0 = Debug|Any CPU
		{B6E36511-223C-42E3-8BDA-82BC2DEC9D62}.Debug|x64.ActiveCfg = Debug|x64
		{B6E36511-223C-42E3-8BDA-82BC2DEC9D62}.Debug|x64.Build.0 = Debug|x64
		{B6E36511-223C-42E3-8BDA-82BC2DEC9D62}.Release|Any CPU.ActiveCfg = Release|Any CPU
		{B6E36511-223C-42E3-8BDA-82BC2DEC9D62}.Release|Any CPU.Build.0 = Release|Any CPU
		{B6E36511-223C-42E3-8BDA-82BC2DEC9D62}.Release|x64.ActiveCfg = Release|x64
		{B6E36511-223C-42E3-8BDA-82BC2DEC9D62}.Release|x64.Build.0 = Release|x64
	EndGlobalSection
	GlobalSection(SolutionProperties) = preSolution
		HideSolutionNode = FALSE
	EndGlobalSection
	GlobalSection(ExtensibilityGlobals) = postSolution
		SolutionGuid = {FD8113C2-DF0F-48F8-8E1F-BDDB6E28FD04}
	EndGlobalSection
EndGlobal
